
Microsoft Visual Studio Solution File, Format Version 12.00
# Visual Studio Version 16
VisualStudioVersion = 16.0.31624.102
MinimumVisualStudioVersion = 10.0.40219.1
Project("{9A19103F-16F7-4668-BE54-9A1E7A4F7556}") = "UserLogin", "UserLogin\UserLogin.csproj", "{9C018FE9-7B73-49EB-90FC-176A40FE4015}"
EndProject
Project("{FAE04EC0-301F-11D3-BF4B-00C04F79EFBC}") = "StudentInfoSystem", "StudentInfoSystem\StudentInfoSystem.csproj", "{70DEAAC0-6BCB-4A03-B92A-FA1E5F8474EE}"
EndProject
Project("{FAE04EC0-301F-11D3-BF4B-00C04F79EFBC}") = "WPFhello", "WPFhello\WPFhello.csproj", "{962017AC-A778-43EF-B222-B71C54676AEE}"
EndProject
Global
	GlobalSection(SolutionConfigurationPlatforms) = preSolution
		Debug|Any CPU = Debug|Any CPU
		Release|Any CPU = Release|Any CPU
	EndGlobalSection
	GlobalSection(ProjectConfigurationPlatforms) = postSolution
		{9C018FE9-7B73-49EB-90FC-176A40FE4015}.Debug|Any CPU.ActiveCfg = Debug|Any CPU
		{9C018FE9-7B73-49EB-90FC-176A40FE4015}.Debug|Any CPU.Build.0 = Debug|Any CPU
		{9C018FE9-7B73-49EB-90FC-176A40FE4015}.Release|Any CPU.ActiveCfg = Release|Any CPU
		{9C018FE9-7B73-49EB-90FC-176A40FE4015}.Release|Any CPU.Build.0 = Release|Any CPU
		{70DEAAC0-6BCB-4A03-B92A-FA1E5F8474EE}.Debug|Any CPU.ActiveCfg = Debug|Any CPU
		{70DEAAC0-6BCB-4A03-B92A-FA1E5F8474EE}.Debug|Any CPU.Build.0 = Debug|Any CPU
		{70DEAAC0-6BCB-4A03-B92A-FA1E5F8474EE}.Release|Any CPU.ActiveCfg = Release|Any CPU
		{70DEAAC0-6BCB-4A03-B92A-FA1E5F8474EE}.Release|Any CPU.Build.0 = Release|Any CPU
		{962017AC-A778-43EF-B222-B71C54676AEE}.Debug|Any CPU.ActiveCfg = Debug|Any CPU
		{962017AC-A778-43EF-B222-B71C54676AEE}.Debug|Any CPU.Build.0 = Debug|Any CPU
		{962017AC-A778-43EF-B222-B71C54676AEE}.Release|Any CPU.ActiveCfg = Release|Any CPU
		{962017AC-A778-43EF-B222-B71C54676AEE}.Release|Any CPU.Build.0 = Release|Any CPU
	EndGlobalSection
	GlobalSection(SolutionProperties) = preSolution
		HideSolutionNode = FALSE
	EndGlobalSection
	GlobalSection(ExtensibilityGlobals) = postSolution
		SolutionGuid = {101D0256-1A89-47A7-B89A-0618D0BE09B3}
	EndGlobalSection
EndGlobal
